
Microsoft Visual Studio Solution File, Format Version 12.00
# Visual Studio Version 16
VisualStudioVersion = 16.0.30002.166
MinimumVisualStudioVersion = 10.0.40219.1
Project("{FAE04EC0-301F-11D3-BF4B-00C04F79EFBC}") = "Zoo(Lilit)", "Zoo(Lilit)\Zoo(Lilit).csproj", "{DD623A34-8593-420F-9B35-427E15A05828}"
EndProject
Global
	GlobalSection(SolutionConfigurationPlatforms) = preSolution
		Debug|Any CPU = Debug|Any CPU
		Release|Any CPU = Release|Any CPU
	EndGlobalSection
	GlobalSection(ProjectConfigurationPlatforms) = postSolution
		{DD623A34-8593-420F-9B35-427E15A05828}.Debug|Any CPU.ActiveCfg = Debug|Any CPU
		{DD623A34-8593-420F-9B35-427E15A05828}.Debug|Any CPU.Build.0 = Debug|Any CPU
		{DD623A34-8593-420F-9B35-427E15A05828}.Release|Any CPU.ActiveCfg = Release|Any CPU
		{DD623A34-8593-420F-9B35-427E15A05828}.Release|Any CPU.Build.0 = Release|Any CPU
	EndGlobalSection
	GlobalSection(SolutionProperties) = preSolution
		HideSolutionNode = FALSE
	EndGlobalSection
	GlobalSection(ExtensibilityGlobals) = postSolution
		SolutionGuid = {5B882CA6-94AB-40CE-A159-90B3CCF3BB06}
	EndGlobalSection
EndGlobal
